
Microsoft Visual Studio Solution File, Format Version 12.00
# Visual Studio Version 17
VisualStudioVersion = 17.8.34330.188
MinimumVisualStudioVersion = 10.0.40219.1
Project("{2150E333-8FDC-42A3-9474-1A3956D46DE8}") = "Entidades", "Entidades", "{25E73342-9107-4977-9A17-A411DF5044D7}"
	ProjectSection(SolutionItems) = preProject
		Producto.cs = Producto.cs
		ProductoVendido.cs = ProductoVendido.cs
		Usuario.cs = Usuario.cs
		Venta.cs = Venta.cs
	EndProjectSection
EndProject
Project("{2150E333-8FDC-42A3-9474-1A3956D46DE8}") = "Solution Items", "Solution Items", "{1632E33F-3394-4964-A51D-9F5008B15B70}"
	ProjectSection(SolutionItems) = preProject
		REDME.txt = REDME.txt
	EndProjectSection
EndProject
Project("{FAE04EC0-301F-11D3-BF4B-00C04F79EFBC}") = "Desafio2_ADOnet", "Desafio2\Desafio2_ADOnet.csproj", "{E307AB74-6966-484A-B6BB-4DB4336FD205}"
EndProject
Global
	GlobalSection(SolutionConfigurationPlatforms) = preSolution
		Debug|Any CPU = Debug|Any CPU
		Release|Any CPU = Release|Any CPU
	EndGlobalSection
	GlobalSection(ProjectConfigurationPlatforms) = postSolution
		{E307AB74-6966-484A-B6BB-4DB4336FD205}.Debug|Any CPU.ActiveCfg = Debug|Any CPU
		{E307AB74-6966-484A-B6BB-4DB4336FD205}.Debug|Any CPU.Build.0 = Debug|Any CPU
		{E307AB74-6966-484A-B6BB-4DB4336FD205}.Release|Any CPU.ActiveCfg = Release|Any CPU
		{E307AB74-6966-484A-B6BB-4DB4336FD205}.Release|Any CPU.Build.0 = Release|Any CPU
	EndGlobalSection
	GlobalSection(SolutionProperties) = preSolution
		HideSolutionNode = FALSE
	EndGlobalSection
	GlobalSection(ExtensibilityGlobals) = postSolution
		SolutionGuid = {78730F3E-E58E-4FD9-98BA-FA4FB2FBD958}
	EndGlobalSection
EndGlobal
