
Microsoft Visual Studio Solution File, Format Version 12.00
# Visual Studio Version 17
VisualStudioVersion = 17.8.34330.188
MinimumVisualStudioVersion = 10.0.40219.1
Project("{9A19103F-16F7-4668-BE54-9A1E7A4F7556}") = "Desafio1NombreApellido", "Desafio1NombreApellido\Desafio1NombreApellido.csproj", "{356C39EE-CF48-4FF9-A0FE-ACDF1187FBD7}"
EndProject
Project("{9A19103F-16F7-4668-BE54-9A1E7A4F7556}") = "Desafio2SumarDosNumeros", "Desafio2SumarDosNumeros\Desafio2SumarDosNumeros.csproj", "{91088D4E-9ABF-46DC-A45B-B7D8496D6F6E}"
EndProject
Project("{FAE04EC0-301F-11D3-BF4B-00C04F79EFBC}") = "Desafio_Clase2_Universidad", "Desafio_Clase2_Universidad\Desafio_Clase2_Universidad.csproj", "{1C8E9169-DC2F-449A-A381-41856D746277}"
EndProject
Global
	GlobalSection(SolutionConfigurationPlatforms) = preSolution
		Debug|Any CPU = Debug|Any CPU
		Release|Any CPU = Release|Any CPU
	EndGlobalSection
	GlobalSection(ProjectConfigurationPlatforms) = postSolution
		{356C39EE-CF48-4FF9-A0FE-ACDF1187FBD7}.Debug|Any CPU.ActiveCfg = Debug|Any CPU
		{356C39EE-CF48-4FF9-A0FE-ACDF1187FBD7}.Debug|Any CPU.Build.0 = Debug|Any CPU
		{356C39EE-CF48-4FF9-A0FE-ACDF1187FBD7}.Release|Any CPU.ActiveCfg = Release|Any CPU
		{356C39EE-CF48-4FF9-A0FE-ACDF1187FBD7}.Release|Any CPU.Build.0 = Release|Any CPU
		{91088D4E-9ABF-46DC-A45B-B7D8496D6F6E}.Debug|Any CPU.ActiveCfg = Debug|Any CPU
		{91088D4E-9ABF-46DC-A45B-B7D8496D6F6E}.Debug|Any CPU.Build.0 = Debug|Any CPU
		{91088D4E-9ABF-46DC-A45B-B7D8496D6F6E}.Release|Any CPU.ActiveCfg = Release|Any CPU
		{91088D4E-9ABF-46DC-A45B-B7D8496D6F6E}.Release|Any CPU.Build.0 = Release|Any CPU
		{1C8E9169-DC2F-449A-A381-41856D746277}.Debug|Any CPU.ActiveCfg = Debug|Any CPU
		{1C8E9169-DC2F-449A-A381-41856D746277}.Debug|Any CPU.Build.0 = Debug|Any CPU
		{1C8E9169-DC2F-449A-A381-41856D746277}.Release|Any CPU.ActiveCfg = Release|Any CPU
		{1C8E9169-DC2F-449A-A381-41856D746277}.Release|Any CPU.Build.0 = Release|Any CPU
	EndGlobalSection
	GlobalSection(SolutionProperties) = preSolution
		HideSolutionNode = FALSE
	EndGlobalSection
	GlobalSection(ExtensibilityGlobals) = postSolution
		SolutionGuid = {DF2F8332-EAC9-45B0-BF8F-F531D6E5F02D}
	EndGlobalSection
EndGlobal
